
Microsoft Visual Studio Solution File, Format Version 12.00
# Visual Studio 15
VisualStudioVersion = 15.0.26124.0
MinimumVisualStudioVersion = 15.0.26124.0
Project("{FAE04EC0-301F-11D3-BF4B-00C04F79EFBC}") = "library", "library\library.csproj", "{023E765A-7556-4EE4-A758-1B9CB7AADD18}"
EndProject
Project("{FAE04EC0-301F-11D3-BF4B-00C04F79EFBC}") = "library-test", "library-test\library-test.csproj", "{BB3B6197-65CB-42A4-A01F-2A2B1470483B}"
EndProject
Global
	GlobalSection(SolutionConfigurationPlatforms) = preSolution
		Debug|Any CPU = Debug|Any CPU
		Debug|x64 = Debug|x64
		Debug|x86 = Debug|x86
		Release|Any CPU = Release|Any CPU
		Release|x64 = Release|x64
		Release|x86 = Release|x86
	EndGlobalSection
	GlobalSection(SolutionProperties) = preSolution
		HideSolutionNode = FALSE
	EndGlobalSection
	GlobalSection(ProjectConfigurationPlatforms) = postSolution
		{023E765A-7556-4EE4-A758-1B9CB7AADD18}.Debug|Any CPU.ActiveCfg = Debug|Any CPU
		{023E765A-7556-4EE4-A758-1B9CB7AADD18}.Debug|Any CPU.Build.0 = Debug|Any CPU
		{023E765A-7556-4EE4-A758-1B9CB7AADD18}.Debug|x64.ActiveCfg = Debug|Any CPU
		{023E765A-7556-4EE4-A758-1B9CB7AADD18}.Debug|x64.Build.0 = Debug|Any CPU
		{023E765A-7556-4EE4-A758-1B9CB7AADD18}.Debug|x86.ActiveCfg = Debug|Any CPU
		{023E765A-7556-4EE4-A758-1B9CB7AADD18}.Debug|x86.Build.0 = Debug|Any CPU
		{023E765A-7556-4EE4-A758-1B9CB7AADD18}.Release|Any CPU.ActiveCfg = Release|Any CPU
		{023E765A-7556-4EE4-A758-1B9CB7AADD18}.Release|Any CPU.Build.0 = Release|Any CPU
		{023E765A-7556-4EE4-A758-1B9CB7AADD18}.Release|x64.ActiveCfg = Release|Any CPU
		{023E765A-7556-4EE4-A758-1B9CB7AADD18}.Release|x64.Build.0 = Release|Any CPU
		{023E765A-7556-4EE4-A758-1B9CB7AADD18}.Release|x86.ActiveCfg = Release|Any CPU
		{023E765A-7556-4EE4-A758-1B9CB7AADD18}.Release|x86.Build.0 = Release|Any CPU
		{BB3B6197-65CB-42A4-A01F-2A2B1470483B}.Debug|Any CPU.ActiveCfg = Debug|Any CPU
		{BB3B6197-65CB-42A4-A01F-2A2B1470483B}.Debug|Any CPU.Build.0 = Debug|Any CPU
		{BB3B6197-65CB-42A4-A01F-2A2B1470483B}.Debug|x64.ActiveCfg = Debug|Any CPU
		{BB3B6197-65CB-42A4-A01F-2A2B1470483B}.Debug|x64.Build.0 = Debug|Any CPU
		{BB3B6197-65CB-42A4-A01F-2A2B1470483B}.Debug|x86.ActiveCfg = Debug|Any CPU
		{BB3B6197-65CB-42A4-A01F-2A2B1470483B}.Debug|x86.Build.0 = Debug|Any CPU
		{BB3B6197-65CB-42A4-A01F-2A2B1470483B}.Release|Any CPU.ActiveCfg = Release|Any CPU
		{BB3B6197-65CB-42A4-A01F-2A2B1470483B}.Release|Any CPU.Build.0 = Release|Any CPU
		{BB3B6197-65CB-42A4-A01F-2A2B1470483B}.Release|x64.ActiveCfg = Release|Any CPU
		{BB3B6197-65CB-42A4-A01F-2A2B1470483B}.Release|x64.Build.0 = Release|Any CPU
		{BB3B6197-65CB-42A4-A01F-2A2B1470483B}.Release|x86.ActiveCfg = Release|Any CPU
		{BB3B6197-65CB-42A4-A01F-2A2B1470483B}.Release|x86.Build.0 = Release|Any CPU
	EndGlobalSection
EndGlobal
